
Microsoft Visual Studio Solution File, Format Version 12.00
# Visual Studio Version 17
VisualStudioVersion = 17.2.32616.157
MinimumVisualStudioVersion = 10.0.40219.1
Project("{9A19103F-16F7-4668-BE54-9A1E7A4F7556}") = "NoiseBox", "NoiseBox\NoiseBox.csproj", "{87E7D439-403D-42E8-881E-AA0083060332}"
EndProject
Project("{9A19103F-16F7-4668-BE54-9A1E7A4F7556}") = "NoiseBox UI", "NoiseBox UI\NoiseBox UI.csproj", "{6FF9DCAC-0492-4207-8AFD-7F3C02A2B21F}"
EndProject
Global
	GlobalSection(SolutionConfigurationPlatforms) = preSolution
		Debug|Any CPU = Debug|Any CPU
		Release|Any CPU = Release|Any CPU
	EndGlobalSection
	GlobalSection(ProjectConfigurationPlatforms) = postSolution
		{87E7D439-403D-42E8-881E-AA0083060332}.Debug|Any CPU.ActiveCfg = Debug|Any CPU
		{87E7D439-403D-42E8-881E-AA0083060332}.Debug|Any CPU.Build.0 = Debug|Any CPU
		{87E7D439-403D-42E8-881E-AA0083060332}.Release|Any CPU.ActiveCfg = Release|Any CPU
		{87E7D439-403D-42E8-881E-AA0083060332}.Release|Any CPU.Build.0 = Release|Any CPU
		{6FF9DCAC-0492-4207-8AFD-7F3C02A2B21F}.Debug|Any CPU.ActiveCfg = Debug|Any CPU
		{6FF9DCAC-0492-4207-8AFD-7F3C02A2B21F}.Debug|Any CPU.Build.0 = Debug|Any CPU
		{6FF9DCAC-0492-4207-8AFD-7F3C02A2B21F}.Release|Any CPU.ActiveCfg = Release|Any CPU
		{6FF9DCAC-0492-4207-8AFD-7F3C02A2B21F}.Release|Any CPU.Build.0 = Release|Any CPU
	EndGlobalSection
	GlobalSection(SolutionProperties) = preSolution
		HideSolutionNode = FALSE
	EndGlobalSection
	GlobalSection(ExtensibilityGlobals) = postSolution
		SolutionGuid = {7FE48EAC-2406-4BFD-A218-31F1FEF54553}
	EndGlobalSection
EndGlobal
